{
  "lock_version": "2026-06-03.v4-india",
  "_source": "India migration 2026-06-03 \u2014 NSE/BSE transaction cost model. Replaces US SEC/FINRA fees with Indian STT/brokerage/exchange charges.",
  "_note": "Backtests report three lenses (raw, broker-paper, pessimistic). Validation gate uses ONLY the pessimistic lens. All fees in INR or percentage.",
  "stocks": {
    "extra_slippage_bps": 5,
    "_slippage_note": "NSE large-cap slippage similar to US large-cap. Higher for mid/small-cap.",
    "zerodha_brokerage": 0.0,
    "_zerodha_brokerage_note": "Zerodha charges \u20b90 for delivery equity (CNC). \u20b920 flat or 0.03% (whichever lower) for intraday (MIS). For simplicity, \u20b920/trade for intraday.",
    "zerodha_intraday_flat_inr": 20.0,
    "stt_delivery_buy_pct": 0.001,
    "stt_delivery_sell_pct": 0.001,
    "stt_intraday_sell_pct": 0.00025,
    "_stt_note": "Securities Transaction Tax per Finance Act. 0.1% each side for delivery; 0.025% on sell for intraday.",
    "exchange_txn_charge_pct": 3.25e-05,
    "_exchange_txn_note": "NSE transaction charge: \u20b9325 per crore (\u20b90.00325/\u20b910,000 = 0.00325 bps per rupee). Updated from NSE circular.",
    "sebi_turnover_fee_pct": 1e-06,
    "_sebi_note": "SEBI turnover fee: \u20b910 per crore (\u20b91 per million). Very small but included.",
    "stamp_duty_buy_pct": 0.00015,
    "_stamp_duty_note": "Stamp duty on buy side: 0.015% for delivery equity. 0.003% for intraday. (Finance Act 2019 amendment, applicable from Jul 2020)",
    "gst_on_brokerage_pct": 18.0,
    "_gst_note": "18% GST applies on brokerage + exchange fees (not on STT/stamp duty)."
  },
  "crypto": {
    "taker_bps": 20,
    "_taker_bps_note": "CoinDCX taker fee: 0.2% (20 bps). WazirX: 0.2%. Conservative estimate.",
    "extra_slippage_bps": 15,
    "_slippage_note": "Higher slippage for INR crypto pairs vs USD pairs due to lower liquidity.",
    "tds_pct": 1.0,
    "_tds_note": "1% TDS (Tax Deducted at Source) on crypto transfers/sales >\u20b910,000 per Section 194S Income Tax Act 2022. TDS is a cost \u2014 it reduces INR received on each sale.",
    "flat_tax_on_gains_pct": 30.0,
    "_flat_tax_note": "30% flat tax on crypto gains (Section 115BBH). Cannot be offset against losses from other crypto or any other income. Must be tracked per trade.",
    "fill_mode_default": "taker",
    "maker_mode_min_fill_rate_pct": 70.0
  },
  "options": {
    "extra_slippage_bps": 20,
    "_slippage_note": "Nifty/BankNifty options are extremely liquid; slippage lower than US equity options.",
    "zerodha_fo_brokerage_flat_inr": 20.0,
    "_brokerage_note": "Zerodha F&O brokerage: \u20b920 per order (flat, regardless of quantity).",
    "stt_fo_sell_pct": 0.000125,
    "_stt_fo_note": "STT on F&O options sell side: 0.0125% of premium. On futures: 0.01% of trade value.",
    "nse_fo_txn_charge_pct": 5.3e-05,
    "_nse_fo_note": "NSE F&O transaction charge: \u20b9530 per crore for options.",
    "sebi_fo_turnover_fee_pct": 1e-06,
    "stamp_duty_fo_buy_pct": 3e-05,
    "_stamp_duty_fo_note": "Stamp duty on F&O buy side: 0.003% for options.",
    "gst_on_brokerage_pct": 18.0,
    "fill_handling": "marketable_limit_per_formula",
    "_fill_handling_note": "F&O entries use a marketable limit; no chasing \u2014 no fill cancels the trade."
  },
  "reporting_lenses": {
    "raw": {
      "_description": "Mid-to-mid; assumes fills at midpoint, no spread, no slippage, no fees.",
      "_gate_eligibility": "diagnostic only; never gates promotion."
    },
    "broker_paper": {
      "_description": "Models Alpaca's own paper-trading fill behaviour.",
      "_gate_eligibility": "diagnostic; compares live-vs-model drift against a known optimistic baseline."
    },
    "pessimistic": {
      "_description": "The formula above (midpoint-relative + extra slip + fees).",
      "_gate_eligibility": "THIS is the lens that gates all validation_policy thresholds."
    }
  },
  "live_vs_model_drift": {
    "rolling_window_trades": 20,
    "tolerance_multiplier": 1.5,
    "_breach_action": "lane auto-demoted to observe_only"
  }
}