{
  "lock_version": "2026-05-13.v4-phase2",
  "_source": "Plan v4 §9 — Reality / Execution Model (pessimistic-lens cost formula)",
  "_note": "Backtests report three lenses (raw, broker-paper, pessimistic). The validation gate uses ONLY the pessimistic lens. These parameters feed into research/backtest_runner during Phase 5 and into execution/cost_model.py during Phase 3.",

  "stocks": {
    "extra_slippage_bps": 5,
    "broker_fees_per_share": 0.0,
    "_broker_fees_per_share_note": "Alpaca is commission-free for retail US equity.",

    "sec_section_31_rate": 0.0000278,
    "_sec_section_31_rate_note": "$27.80 per million on sells only; updated yearly per SEC fee order.",

    "finra_taf_per_share": 0.000166,
    "finra_taf_per_share_note": "FINRA Trading Activity Fee per share on sells only.",

    "finra_taf_cap_per_trade": 8.30
  },

  "crypto": {
    "taker_bps": 30,
    "_taker_bps_note": "Pessimistic-lens assumes taker fees; maker mode is permitted only after a 70% fill rate is measured in shadow.",

    "extra_slippage_bps": 10,

    "fill_mode_default": "taker",
    "fill_mode_alternative": "maker",
    "maker_mode_min_fill_rate_pct": 70.0,
    "_fill_mode_note": "Lane starts in taker mode; switches to maker only after sustained 70% fill rate."
  },

  "options": {
    "extra_slippage_bps": 25,
    "per_contract_fee_usd": 0.65,

    "fill_handling": "marketable_limit_per_formula",
    "_fill_handling_note": "Options entries use a marketable limit at the formula's price; no chasing — no fill cancels the trade."
  },

  "reporting_lenses": {
    "raw": {
      "_description": "Mid-to-mid; assumes fills at midpoint, no spread, no slippage, no fees.",
      "_gate_eligibility": "diagnostic only; never gates promotion."
    },
    "broker_paper": {
      "_description": "Models Alpaca's own paper-trading fill behaviour.",
      "_gate_eligibility": "diagnostic; compares live-vs-model drift against a known optimistic baseline."
    },
    "pessimistic": {
      "_description": "The formula above (midpoint-relative + extra slip + fees).",
      "_gate_eligibility": "THIS is the lens that gates all validation_policy thresholds."
    }
  },

  "live_vs_model_drift": {
    "rolling_window_trades": 20,
    "tolerance_multiplier": 2.0,
    "_breach_action": "lane auto-demoted to observe_only"
  }
}
