{
  "lock_version": "2026-06-03.v4-india",
  "_source": "India migration 2026-06-03 \u2014 Risk Kernel limits for Indian markets (NSE/BSE). Original: Plan v4 \u00a76.",
  "_note": "Loosening any threshold requires a new dated lock version, a signed commit, AND a 7-day cooldown. Tightening is immediate. All monetary values in INR.",
  "_shakedown_rationale": "Initial \u20b983,000 (~$1000) Zerodha live account. Percentages retained from original; absolute INR floor enforced by live_capital.lock.",
  "account": {
    "daily_drawdown_pct_of_equity": 5.0,
    "_daily_drawdown_breach": "halt new entries for the session; existing positions managed by exits only",
    "_daily_drawdown_history": "1.0 -> 5.0 on 2026-05-25 for live shakedown ($50/day on $1k account)",
    "trailing_drawdown_pct_of_equity": 5.0,
    "trailing_drawdown_window_days": 60,
    "_trailing_drawdown_breach": "lane mode -> observe-only; require new validation lock to resume",
    "intraday_pnl_floor_pct_of_equity": -1.5,
    "_intraday_pnl_breach": "halt new entries; existing exits allowed"
  },
  "asset_class": {
    "equity_gross_max_pct": 80.0,
    "_equity_breach": "reduce-only mode; new buys rejected",
    "crypto_gross_max_pct": 15.0,
    "_crypto_breach": "reduce-only mode; emergency liquidation rule documented. Crypto gains taxed at flat 30% (Section 115BBH).",
    "options_buying_power_util_max_pct": 30.0,
    "_options_breach": "no new option opens",
    "_equity_note_india": "NSE equity (CNC/MIS). Includes ETFs.",
    "_crypto_note_india": "Crypto via CoinDCX/WazirX (INR pairs). SEBI 1% TDS applies on transfers >\u20b910,000.",
    "_options_note_india": "NSE F&O (NFO segment). SEBI peak margin = 100% upfront. MIS auto-squared at 15:15 IST."
  },
  "lane": {
    "per_lane_allocation_max_pct": 40.0,
    "_lane_alloc_breach": "lane status -> reduce-only",
    "per_lane_daily_loss_max_pct": 2.5,
    "_lane_loss_breach": "lane halted for the session",
    "_lane_loss_history": "0.5 -> 2.5 on 2026-05-25 for live shakedown"
  },
  "strategy": {
    "realized_plus_unrealized_loss_30d_max_pct": 1.5,
    "_strategy_loss_breach": "strategy moved to observe-only; mutation request opened"
  },
  "symbol": {
    "per_symbol_gross_max_pct": 5.0,
    "_per_symbol_breach": "order qty reduced to fit; reason logged"
  },
  "order": {
    "per_order_at_risk_max_pct": 10.0,
    "_per_order_breach": "order rejected; reason logged",
    "_per_order_history": "2.0 -> 10.0 on 2026-05-25 for live shakedown ($100/order on $1k account)",
    "stop_coverage_required_within_seconds": 60,
    "_stop_coverage_breach": "auto-flatten the position (auto-flatten enforcement lands Phase 3 alongside execution sequencer)"
  },
  "kill_switches": {
    "broker_api_error_rate_max_pct": 5.0,
    "broker_api_error_rate_window_minutes": 5,
    "unknown_position_max_age_minutes": 5,
    "_unknown_position_history": "15 -> 5 on 2026-05-25 (tighten \u2014 pre-cutover defence against broker-side surprise positions)",
    "wall_clock_skew_max_seconds": 2,
    "data_freshness_breach": "see policy/data_freshness.lock",
    "_broker_note": "Broker: Zerodha Kite Connect. Access token expires at 06:00 IST daily \u2014 daemon must refresh before RTH open."
  },
  "cooldowns": {
    "loosen_cooldown_days": 7,
    "tighten_cooldown_days": 0
  },
  "india": {
    "exchange": "NSE",
    "settlement_cycle": "T+1",
    "stt_included_in_cost_model": true,
    "mpc_meeting_halt_policy": "observe_only during RBI MPC decision day (typically 3rd day of 3-day meeting)",
    "budget_day_halt_policy": "observe_only on Union Budget presentation day (typically Feb 1)",
    "_sebi_circuit_breaker": "see policy/pdt_policy.lock \u00a7sebi_circuit_breakers"
  }
}